
Microsoft Visual Studio Solution File, Format Version 12.00
# Visual Studio Version 16
VisualStudioVersion = 16.0.32630.194
MinimumVisualStudioVersion = 10.0.40219.1
Project("{FAE04EC0-301F-11D3-BF4B-00C04F79EFBC}") = "Practica semana 4", "Practica semana 4\Practica semana 4.csproj", "{41DE14D8-486B-4FC4-9836-80DE3FFB47CC}"
EndProject
Project("{FAE04EC0-301F-11D3-BF4B-00C04F79EFBC}") = "App2", "App2\App2.csproj", "{42FA34A1-665C-4B25-B7B9-3844FC74C32E}"
EndProject
Project("{FAE04EC0-301F-11D3-BF4B-00C04F79EFBC}") = "consoleApp3", "..\consoleApp3\consoleApp3\consoleApp3.csproj", "{4497B009-1C9E-4D6E-9FD8-970D7D092623}"
EndProject
Project("{FAE04EC0-301F-11D3-BF4B-00C04F79EFBC}") = "App3", "App3\App3.csproj", "{B769E89B-46B7-49C2-AF27-31BE658CD831}"
EndProject
Project("{FAE04EC0-301F-11D3-BF4B-00C04F79EFBC}") = "ConsoleApp4", "ConsoleApp4\ConsoleApp4.csproj", "{BB260678-CDED-45F4-BE26-7771B4F2CAFD}"
EndProject
Global
	GlobalSection(SolutionConfigurationPlatforms) = preSolution
		Debug|Any CPU = Debug|Any CPU
		Release|Any CPU = Release|Any CPU
	EndGlobalSection
	GlobalSection(ProjectConfigurationPlatforms) = postSolution
		{41DE14D8-486B-4FC4-9836-80DE3FFB47CC}.Debug|Any CPU.ActiveCfg = Debug|Any CPU
		{41DE14D8-486B-4FC4-9836-80DE3FFB47CC}.Debug|Any CPU.Build.0 = Debug|Any CPU
		{41DE14D8-486B-4FC4-9836-80DE3FFB47CC}.Release|Any CPU.ActiveCfg = Release|Any CPU
		{41DE14D8-486B-4FC4-9836-80DE3FFB47CC}.Release|Any CPU.Build.0 = Release|Any CPU
		{42FA34A1-665C-4B25-B7B9-3844FC74C32E}.Debug|Any CPU.ActiveCfg = Debug|Any CPU
		{42FA34A1-665C-4B25-B7B9-3844FC74C32E}.Debug|Any CPU.Build.0 = Debug|Any CPU
		{42FA34A1-665C-4B25-B7B9-3844FC74C32E}.Release|Any CPU.ActiveCfg = Release|Any CPU
		{42FA34A1-665C-4B25-B7B9-3844FC74C32E}.Release|Any CPU.Build.0 = Release|Any CPU
		{4497B009-1C9E-4D6E-9FD8-970D7D092623}.Debug|Any CPU.ActiveCfg = Debug|Any CPU
		{4497B009-1C9E-4D6E-9FD8-970D7D092623}.Debug|Any CPU.Build.0 = Debug|Any CPU
		{4497B009-1C9E-4D6E-9FD8-970D7D092623}.Release|Any CPU.ActiveCfg = Release|Any CPU
		{4497B009-1C9E-4D6E-9FD8-970D7D092623}.Release|Any CPU.Build.0 = Release|Any CPU
		{B769E89B-46B7-49C2-AF27-31BE658CD831}.Debug|Any CPU.ActiveCfg = Debug|Any CPU
		{B769E89B-46B7-49C2-AF27-31BE658CD831}.Debug|Any CPU.Build.0 = Debug|Any CPU
		{B769E89B-46B7-49C2-AF27-31BE658CD831}.Release|Any CPU.ActiveCfg = Release|Any CPU
		{B769E89B-46B7-49C2-AF27-31BE658CD831}.Release|Any CPU.Build.0 = Release|Any CPU
		{BB260678-CDED-45F4-BE26-7771B4F2CAFD}.Debug|Any CPU.ActiveCfg = Debug|Any CPU
		{BB260678-CDED-45F4-BE26-7771B4F2CAFD}.Debug|Any CPU.Build.0 = Debug|Any CPU
		{BB260678-CDED-45F4-BE26-7771B4F2CAFD}.Release|Any CPU.ActiveCfg = Release|Any CPU
		{BB260678-CDED-45F4-BE26-7771B4F2CAFD}.Release|Any CPU.Build.0 = Release|Any CPU
	EndGlobalSection
	GlobalSection(SolutionProperties) = preSolution
		HideSolutionNode = FALSE
	EndGlobalSection
	GlobalSection(ExtensibilityGlobals) = postSolution
		SolutionGuid = {10DD613A-14E3-45ED-8765-34EA93927653}
	EndGlobalSection
EndGlobal
